
Microsoft Visual Studio Solution File, Format Version 12.00
# Visual Studio 15
VisualStudioVersion = 15.0.27130.2026
MinimumVisualStudioVersion = 10.0.40219.1
Project("{FAE04EC0-301F-11D3-BF4B-00C04F79EFBC}") = "Vidly", "Vidly\Vidly.csproj", "{EE102132-8D44-4B75-A520-C34077EE4BE7}"
EndProject
Global
	GlobalSection(SolutionConfigurationPlatforms) = preSolution
		Debug|Any CPU = Debug|Any CPU
		Release|Any CPU = Release|Any CPU
	EndGlobalSection
	GlobalSection(ProjectConfigurationPlatforms) = postSolution
		{EE102132-8D44-4B75-A520-C34077EE4BE7}.Debug|Any CPU.ActiveCfg = Debug|Any CPU
		{EE102132-8D44-4B75-A520-C34077EE4BE7}.Debug|Any CPU.Build.0 = Debug|Any CPU
		{EE102132-8D44-4B75-A520-C34077EE4BE7}.Release|Any CPU.ActiveCfg = Release|Any CPU
		{EE102132-8D44-4B75-A520-C34077EE4BE7}.Release|Any CPU.Build.0 = Release|Any CPU
	EndGlobalSection
	GlobalSection(SolutionProperties) = preSolution
		HideSolutionNode = FALSE
	EndGlobalSection
	GlobalSection(ExtensibilityGlobals) = postSolution
		SolutionGuid = {F136C68B-6CA5-4F86-A557-17C15F9A33E3}
	EndGlobalSection
EndGlobal
